
Microsoft Visual Studio Solution File, Format Version 12.00
Project("{FAE04EC0-301F-11D3-BF4B-00C04F79EFBC}") = "EntityFrameworkTraits", "EntityFrameworkTraits\EntityFrameworkTraits.csproj", "{BC1E13B8-074B-478F-83F6-57B9FED38E96}"
EndProject
Project("{FAE04EC0-301F-11D3-BF4B-00C04F79EFBC}") = "EntityFrameworkTraits.Tests", "EntityFrameworkTraits.Tests\EntityFrameworkTraits.Tests.csproj", "{945FC2B0-06DD-4317-B28D-22BFCE884C1D}"
EndProject
Global
	GlobalSection(SolutionConfigurationPlatforms) = preSolution
		Debug|Any CPU = Debug|Any CPU
		Release|Any CPU = Release|Any CPU
	EndGlobalSection
	GlobalSection(ProjectConfigurationPlatforms) = postSolution
		{BC1E13B8-074B-478F-83F6-57B9FED38E96}.Debug|Any CPU.ActiveCfg = Debug|Any CPU
		{BC1E13B8-074B-478F-83F6-57B9FED38E96}.Debug|Any CPU.Build.0 = Debug|Any CPU
		{BC1E13B8-074B-478F-83F6-57B9FED38E96}.Release|Any CPU.ActiveCfg = Release|Any CPU
		{BC1E13B8-074B-478F-83F6-57B9FED38E96}.Release|Any CPU.Build.0 = Release|Any CPU
		{945FC2B0-06DD-4317-B28D-22BFCE884C1D}.Debug|Any CPU.ActiveCfg = Debug|Any CPU
		{945FC2B0-06DD-4317-B28D-22BFCE884C1D}.Debug|Any CPU.Build.0 = Debug|Any CPU
		{945FC2B0-06DD-4317-B28D-22BFCE884C1D}.Release|Any CPU.ActiveCfg = Release|Any CPU
		{945FC2B0-06DD-4317-B28D-22BFCE884C1D}.Release|Any CPU.Build.0 = Release|Any CPU
	EndGlobalSection
EndGlobal
